
Microsoft Visual Studio Solution File, Format Version 12.00
# Visual Studio 15
VisualStudioVersion = 15.0.28307.421
MinimumVisualStudioVersion = 10.0.40219.1
Project("{FAE04EC0-301F-11D3-BF4B-00C04F79EFBC}") = "prjLinqSQL", "prjLinqSQL\prjLinqSQL.csproj", "{20A8EC60-0A3C-4612-8AE2-0244D6F6D517}"
EndProject
Global
	GlobalSection(SolutionConfigurationPlatforms) = preSolution
		Debug|Any CPU = Debug|Any CPU
		Release|Any CPU = Release|Any CPU
	EndGlobalSection
	GlobalSection(ProjectConfigurationPlatforms) = postSolution
		{20A8EC60-0A3C-4612-8AE2-0244D6F6D517}.Debug|Any CPU.ActiveCfg = Debug|Any CPU
		{20A8EC60-0A3C-4612-8AE2-0244D6F6D517}.Debug|Any CPU.Build.0 = Debug|Any CPU
		{20A8EC60-0A3C-4612-8AE2-0244D6F6D517}.Release|Any CPU.ActiveCfg = Release|Any CPU
		{20A8EC60-0A3C-4612-8AE2-0244D6F6D517}.Release|Any CPU.Build.0 = Release|Any CPU
	EndGlobalSection
	GlobalSection(SolutionProperties) = preSolution
		HideSolutionNode = FALSE
	EndGlobalSection
	GlobalSection(ExtensibilityGlobals) = postSolution
		SolutionGuid = {5123303B-E860-48F8-8B35-5582CD7BBACF}
	EndGlobalSection
EndGlobal
