
Microsoft Visual Studio Solution File, Format Version 12.00
# Visual Studio 15
VisualStudioVersion = 15.0.28307.168
MinimumVisualStudioVersion = 10.0.40219.1
Project("{FAE04EC0-301F-11D3-BF4B-00C04F79EFBC}") = "linqtodataset", "linqtodataset\linqtodataset.csproj", "{44DCEDBA-0F6D-4200-B4D5-43252A14605A}"
EndProject
Global
	GlobalSection(SolutionConfigurationPlatforms) = preSolution
		Debug|Any CPU = Debug|Any CPU
		Release|Any CPU = Release|Any CPU
	EndGlobalSection
	GlobalSection(ProjectConfigurationPlatforms) = postSolution
		{44DCEDBA-0F6D-4200-B4D5-43252A14605A}.Debug|Any CPU.ActiveCfg = Debug|Any CPU
		{44DCEDBA-0F6D-4200-B4D5-43252A14605A}.Debug|Any CPU.Build.0 = Debug|Any CPU
		{44DCEDBA-0F6D-4200-B4D5-43252A14605A}.Release|Any CPU.ActiveCfg = Release|Any CPU
		{44DCEDBA-0F6D-4200-B4D5-43252A14605A}.Release|Any CPU.Build.0 = Release|Any CPU
	EndGlobalSection
	GlobalSection(SolutionProperties) = preSolution
		HideSolutionNode = FALSE
	EndGlobalSection
	GlobalSection(ExtensibilityGlobals) = postSolution
		SolutionGuid = {43C3068A-3F51-44D7-A2C8-B3BD7473405B}
	EndGlobalSection
EndGlobal
