
Microsoft Visual Studio Solution File, Format Version 12.00
# Visual Studio 15
VisualStudioVersion = 15.0.28307.421
MinimumVisualStudioVersion = 10.0.40219.1
Project("{FAE04EC0-301F-11D3-BF4B-00C04F79EFBC}") = "prjLinqMysql", "prjLinqMysql\prjLinqMysql.csproj", "{8F0AA1AE-B15D-4B7F-95F3-D97953C6236B}"
EndProject
Global
	GlobalSection(SolutionConfigurationPlatforms) = preSolution
		Debug|Any CPU = Debug|Any CPU
		Release|Any CPU = Release|Any CPU
	EndGlobalSection
	GlobalSection(ProjectConfigurationPlatforms) = postSolution
		{8F0AA1AE-B15D-4B7F-95F3-D97953C6236B}.Debug|Any CPU.ActiveCfg = Debug|Any CPU
		{8F0AA1AE-B15D-4B7F-95F3-D97953C6236B}.Debug|Any CPU.Build.0 = Debug|Any CPU
		{8F0AA1AE-B15D-4B7F-95F3-D97953C6236B}.Release|Any CPU.ActiveCfg = Release|Any CPU
		{8F0AA1AE-B15D-4B7F-95F3-D97953C6236B}.Release|Any CPU.Build.0 = Release|Any CPU
	EndGlobalSection
	GlobalSection(SolutionProperties) = preSolution
		HideSolutionNode = FALSE
	EndGlobalSection
	GlobalSection(ExtensibilityGlobals) = postSolution
		SolutionGuid = {6E7DF4AF-42EE-4980-B81B-EBC3E6EF809F}
	EndGlobalSection
EndGlobal
